{
  "name": "indie-developer-toolkit",
  "version": "0.0.1",
  "lockfileVersion": 2,
  "requires": true,
  "packages": {
    "": {
      "name": "indie-developer-toolkit",
      "version": "0.0.1",
      "license": "MIT",
      "devDependencies": {
        "git-cz": "^4.9.0"
      },
      "engines": {
        "node": ">=9.3.0",
        "npm": ">=5.5.0"
      }
    },
    "node_modules/git-cz": {
      "version": "4.9.0",
      "resolved": "https://registry.npmjs.org/git-cz/-/git-cz-4.9.0.tgz",
      "integrity": "sha512-cSRL8IIOXU7UFLdbziCYqg8f8InwLwqHezkiRHNSph7oZqGv0togId1kMTfKil6gzK0VaSXeVBb4oDl0fQCHiw==",
      "dev": true,
      "bin": {
        "git-cz": "bin/git-cz.js",
        "gitcz": "bin/git-cz.js"
      }
    }
  },
  "dependencies": {
    "git-cz": {
      "version": "4.9.0",
      "resolved": "https://registry.npmjs.org/git-cz/-/git-cz-4.9.0.tgz",
      "integrity": "sha512-cSRL8IIOXU7UFLdbziCYqg8f8InwLwqHezkiRHNSph7oZqGv0togId1kMTfKil6gzK0VaSXeVBb4oDl0fQCHiw==",
      "dev": true
    }
  }
}
